
Microsoft Visual Studio Solution File, Format Version 12.00
# Visual Studio Version 17
VisualStudioVersion = 17.8.34322.80
MinimumVisualStudioVersion = 10.0.40219.1
Project("{FAE04EC0-301F-11D3-BF4B-00C04F79EFBC}") = "basketball-tournament-task", "basketball-tournament-task\basketball-tournament-task.csproj", "{B9C758A6-B84E-4FCE-B313-AD1FFE48210B}"
EndProject
Global
	GlobalSection(SolutionConfigurationPlatforms) = preSolution
		Debug|Any CPU = Debug|Any CPU
		Release|Any CPU = Release|Any CPU
	EndGlobalSection
	GlobalSection(ProjectConfigurationPlatforms) = postSolution
		{B9C758A6-B84E-4FCE-B313-AD1FFE48210B}.Debug|Any CPU.ActiveCfg = Debug|Any CPU
		{B9C758A6-B84E-4FCE-B313-AD1FFE48210B}.Debug|Any CPU.Build.0 = Debug|Any CPU
		{B9C758A6-B84E-4FCE-B313-AD1FFE48210B}.Release|Any CPU.ActiveCfg = Release|Any CPU
		{B9C758A6-B84E-4FCE-B313-AD1FFE48210B}.Release|Any CPU.Build.0 = Release|Any CPU
	EndGlobalSection
	GlobalSection(SolutionProperties) = preSolution
		HideSolutionNode = FALSE
	EndGlobalSection
	GlobalSection(ExtensibilityGlobals) = postSolution
		SolutionGuid = {C24F1A6C-789A-4095-AF38-0255693C0406}
	EndGlobalSection
EndGlobal
